// !$*UTF8*$!
{
	archiveVersion = 1;
	classes = {
	};
	objectVersion = 48;
	objects = {

/* Begin PBXBuildFile section */
		63B52DD9204267E700BCE72F /* PerfectMindModel.swift in Sources */ = {isa = PBXBuildFile; fileRef = 63B52DD8204267E700BCE72F /* PerfectMindModel.swift */; };
		63B52DDB204271A500BCE72F /* Util.swift in Sources */ = {isa = PBXBuildFile; fileRef = 63B52DDA204271A500BCE72F /* Util.swift */; };
		63BBB2582045209200C3D2BF /* DataSourceUpdater.swift in Sources */ = {isa = PBXBuildFile; fileRef = 63BBB2572045209200C3D2BF /* DataSourceUpdater.swift */; };
		63E3295520410CC000BE9E48 /* AppDelegate.swift in Sources */ = {isa = PBXBuildFile; fileRef = 63E3295420410CC000BE9E48 /* AppDelegate.swift */; };
		63E3295720410CC000BE9E48 /* ViewController.swift in Sources */ = {isa = PBXBuildFile; fileRef = 63E3295620410CC000BE9E48 /* ViewController.swift */; };
		63E3295A20410CC000BE9E48 /* Main.storyboard in Resources */ = {isa = PBXBuildFile; fileRef = 63E3295820410CC000BE9E48 /* Main.storyboard */; };
		63E3295C20410CC000BE9E48 /* Assets.xcassets in Resources */ = {isa = PBXBuildFile; fileRef = 63E3295B20410CC000BE9E48 /* Assets.xcassets */; };
		63E3295F20410CC000BE9E48 /* LaunchScreen.storyboard in Resources */ = {isa = PBXBuildFile; fileRef = 63E3295D20410CC000BE9E48 /* LaunchScreen.storyboard */; };
		63E3296720410EB100BE9E48 /* SQLiteManager.swift in Sources */ = {isa = PBXBuildFile; fileRef = 63E3296620410EB100BE9E48 /* SQLiteManager.swift */; };
		63E3296A20410FFD00BE9E48 /* libsqlite3.tbd in Frameworks */ = {isa = PBXBuildFile; fileRef = 63E3296920410FFD00BE9E48 /* libsqlite3.tbd */; };
		63E3296C204119CC00BE9E48 /* DataSource.swift in Sources */ = {isa = PBXBuildFile; fileRef = 63E3296B204119CC00BE9E48 /* DataSource.swift */; };
		63E3296E20411A3100BE9E48 /* PerfectMindAPI.swift in Sources */ = {isa = PBXBuildFile; fileRef = 63E3296D20411A3100BE9E48 /* PerfectMindAPI.swift */; };
/* End PBXBuildFile section */

/* Begin PBXFileReference section */
		63B52DD8204267E700BCE72F /* PerfectMindModel.swift */ = {isa = PBXFileReference; lastKnownFileType = sourcecode.swift; path = PerfectMindModel.swift; sourceTree = "<group>"; };
		63B52DDA204271A500BCE72F /* Util.swift */ = {isa = PBXFileReference; lastKnownFileType = sourcecode.swift; path = Util.swift; sourceTree = "<group>"; };
		63BBB2572045209200C3D2BF /* DataSourceUpdater.swift */ = {isa = PBXFileReference; lastKnownFileType = sourcecode.swift; path = DataSourceUpdater.swift; sourceTree = "<group>"; };
		63E3295120410CC000BE9E48 /* Studio Kicks Leaderboard.app */ = {isa = PBXFileReference; explicitFileType = wrapper.application; includeInIndex = 0; path = "Studio Kicks Leaderboard.app"; sourceTree = BUILT_PRODUCTS_DIR; };
		63E3295420410CC000BE9E48 /* AppDelegate.swift */ = {isa = PBXFileReference; lastKnownFileType = sourcecode.swift; path = AppDelegate.swift; sourceTree = "<group>"; };
		63E3295620410CC000BE9E48 /* ViewController.swift */ = {isa = PBXFileReference; lastKnownFileType = sourcecode.swift; path = ViewController.swift; sourceTree = "<group>"; };
		63E3295920410CC000BE9E48 /* Base */ = {isa = PBXFileReference; lastKnownFileType = file.storyboard; name = Base; path = Base.lproj/Main.storyboard; sourceTree = "<group>"; };
		63E3295B20410CC000BE9E48 /* Assets.xcassets */ = {isa = PBXFileReference; lastKnownFileType = folder.assetcatalog; path = Assets.xcassets; sourceTree = "<group>"; };
		63E3295E20410CC000BE9E48 /* Base */ = {isa = PBXFileReference; lastKnownFileType = file.storyboard; name = Base; path = Base.lproj/LaunchScreen.storyboard; sourceTree = "<group>"; };
		63E3296020410CC000BE9E48 /* Info.plist */ = {isa = PBXFileReference; lastKnownFileType = text.plist.xml; path = Info.plist; sourceTree = "<group>"; };
		63E3296620410EB100BE9E48 /* SQLiteManager.swift */ = {isa = PBXFileReference; lastKnownFileType = sourcecode.swift; path = SQLiteManager.swift; sourceTree = "<group>"; };
		63E3296920410FFD00BE9E48 /* libsqlite3.tbd */ = {isa = PBXFileReference; lastKnownFileType = "sourcecode.text-based-dylib-definition"; name = libsqlite3.tbd; path = usr/lib/libsqlite3.tbd; sourceTree = SDKROOT; };
		63E3296B204119CC00BE9E48 /* DataSource.swift */ = {isa = PBXFileReference; lastKnownFileType = sourcecode.swift; path = DataSource.swift; sourceTree = "<group>"; };
		63E3296D20411A3100BE9E48 /* PerfectMindAPI.swift */ = {isa = PBXFileReference; lastKnownFileType = sourcecode.swift; path = PerfectMindAPI.swift; sourceTree = "<group>"; };
/* End PBXFileReference section */

/* Begin PBXFrameworksBuildPhase section */
		63E3294E20410CC000BE9E48 /* Frameworks */ = {
			isa = PBXFrameworksBuildPhase;
			buildActionMask = 2147483647;
			files = (
				63E3296A20410FFD00BE9E48 /* libsqlite3.tbd in Frameworks */,
			);
			runOnlyForDeploymentPostprocessing = 0;
		};
/* End PBXFrameworksBuildPhase section */

/* Begin PBXGroup section */
		63E3294820410CC000BE9E48 = {
			isa = PBXGroup;
			children = (
				63E3295320410CC000BE9E48 /* Studio Kicks Leaderboard */,
				63E3295220410CC000BE9E48 /* Products */,
				63E3296820410FFD00BE9E48 /* Frameworks */,
			);
			sourceTree = "<group>";
		};
		63E3295220410CC000BE9E48 /* Products */ = {
			isa = PBXGroup;
			children = (
				63E3295120410CC000BE9E48 /* Studio Kicks Leaderboard.app */,
			);
			name = Products;
			sourceTree = "<group>";
		};
		63E3295320410CC000BE9E48 /* Studio Kicks Leaderboard */ = {
			isa = PBXGroup;
			children = (
				63E3295420410CC000BE9E48 /* AppDelegate.swift */,
				63E3295620410CC000BE9E48 /* ViewController.swift */,
				63E3296B204119CC00BE9E48 /* DataSource.swift */,
				63BBB2572045209200C3D2BF /* DataSourceUpdater.swift */,
				63E3296D20411A3100BE9E48 /* PerfectMindAPI.swift */,
				63E3296620410EB100BE9E48 /* SQLiteManager.swift */,
				63B52DD8204267E700BCE72F /* PerfectMindModel.swift */,
				63B52DDA204271A500BCE72F /* Util.swift */,
				63E3295820410CC000BE9E48 /* Main.storyboard */,
				63E3295B20410CC000BE9E48 /* Assets.xcassets */,
				63E3295D20410CC000BE9E48 /* LaunchScreen.storyboard */,
				63E3296020410CC000BE9E48 /* Info.plist */,
			);
			path = "Studio Kicks Leaderboard";
			sourceTree = "<group>";
		};
		63E3296820410FFD00BE9E48 /* Frameworks */ = {
			isa = PBXGroup;
			children = (
				63E3296920410FFD00BE9E48 /* libsqlite3.tbd */,
			);
			name = Frameworks;
			sourceTree = "<group>";
		};
/* End PBXGroup section */

/* Begin PBXNativeTarget section */
		63E3295020410CC000BE9E48 /* Studio Kicks Leaderboard */ = {
			isa = PBXNativeTarget;
			buildConfigurationList = 63E3296320410CC000BE9E48 /* Build configuration list for PBXNativeTarget "Studio Kicks Leaderboard" */;
			buildPhases = (
				63E3294D20410CC000BE9E48 /* Sources */,
				63E3294E20410CC000BE9E48 /* Frameworks */,
				63E3294F20410CC000BE9E48 /* Resources */,
			);
			buildRules = (
			);
			dependencies = (
			);
			name = "Studio Kicks Leaderboard";
			productName = "Studio Kicks Leaderboard";
			productReference = 63E3295120410CC000BE9E48 /* Studio Kicks Leaderboard.app */;
			productType = "com.apple.product-type.application";
		};
/* End PBXNativeTarget section */

/* Begin PBXProject section */
		63E3294920410CC000BE9E48 /* Project object */ = {
			isa = PBXProject;
			attributes = {
				LastSwiftUpdateCheck = 0920;
				LastUpgradeCheck = 0920;
				ORGANIZATIONNAME = "Ben Rooke";
				TargetAttributes = {
					63E3295020410CC000BE9E48 = {
						CreatedOnToolsVersion = 9.2;
						ProvisioningStyle = Automatic;
					};
				};
			};
			buildConfigurationList = 63E3294C20410CC000BE9E48 /* Build configuration list for PBXProject "Studio Kicks Leaderboard" */;
			compatibilityVersion = "Xcode 8.0";
			developmentRegion = en;
			hasScannedForEncodings = 0;
			knownRegions = (
				en,
				Base,
			);
			mainGroup = 63E3294820410CC000BE9E48;
			productRefGroup = 63E3295220410CC000BE9E48 /* Products */;
			projectDirPath = "";
			projectRoot = "";
			targets = (
				63E3295020410CC000BE9E48 /* Studio Kicks Leaderboard */,
			);
		};
/* End PBXProject section */

/* Begin PBXResourcesBuildPhase section */
		63E3294F20410CC000BE9E48 /* Resources */ = {
			isa = PBXResourcesBuildPhase;
			buildActionMask = 2147483647;
			files = (
				63E3295F20410CC000BE9E48 /* LaunchScreen.storyboard in Resources */,
				63E3295C20410CC000BE9E48 /* Assets.xcassets in Resources */,
				63E3295A20410CC000BE9E48 /* Main.storyboard in Resources */,
			);
			runOnlyForDeploymentPostprocessing = 0;
		};
/* End PBXResourcesBuildPhase section */

/* Begin PBXSourcesBuildPhase section */
		63E3294D20410CC000BE9E48 /* Sources */ = {
			isa = PBXSourcesBuildPhase;
			buildActionMask = 2147483647;
			files = (
				63E3296720410EB100BE9E48 /* SQLiteManager.swift in Sources */,
				63B52DD9204267E700BCE72F /* PerfectMindModel.swift in Sources */,
				63BBB2582045209200C3D2BF /* DataSourceUpdater.swift in Sources */,
				63E3295720410CC000BE9E48 /* ViewController.swift in Sources */,
				63E3296E20411A3100BE9E48 /* PerfectMindAPI.swift in Sources */,
				63B52DDB204271A500BCE72F /* Util.swift in Sources */,
				63E3296C204119CC00BE9E48 /* DataSource.swift in Sources */,
				63E3295520410CC000BE9E48 /* AppDelegate.swift in Sources */,
			);
			runOnlyForDeploymentPostprocessing = 0;
		};
/* End PBXSourcesBuildPhase section */

/* Begin PBXVariantGroup section */
		63E3295820410CC000BE9E48 /* Main.storyboard */ = {
			isa = PBXVariantGroup;
			children = (
				63E3295920410CC000BE9E48 /* Base */,
			);
			name = Main.storyboard;
			sourceTree = "<group>";
		};
		63E3295D20410CC000BE9E48 /* LaunchScreen.storyboard */ = {
			isa = PBXVariantGroup;
			children = (
				63E3295E20410CC000BE9E48 /* Base */,
			);
			name = LaunchScreen.storyboard;
			sourceTree = "<group>";
		};
/* End PBXVariantGroup section */

/* Begin XCBuildConfiguration section */
		63E3296120410CC000BE9E48 /* Debug */ = {
			isa = XCBuildConfiguration;
			buildSettings = {
				ALWAYS_SEARCH_USER_PATHS = NO;
				CLANG_ANALYZER_NONNULL = YES;
				CLANG_ANALYZER_NUMBER_OBJECT_CONVERSION = YES_AGGRESSIVE;
				CLANG_CXX_LANGUAGE_STANDARD = "gnu++14";
				CLANG_CXX_LIBRARY = "libc++";
				CLANG_ENABLE_MODULES = YES;
				CLANG_ENABLE_OBJC_ARC = YES;
				CLANG_WARN_BLOCK_CAPTURE_AUTORELEASING = YES;
				CLANG_WARN_BOOL_CONVERSION = YES;
				CLANG_WARN_COMMA = YES;
				CLANG_WARN_CONSTANT_CONVERSION = YES;
				CLANG_WARN_DIRECT_OBJC_ISA_USAGE = YES_ERROR;
				CLANG_WARN_DOCUMENTATION_COMMENTS = YES;
				CLANG_WARN_EMPTY_BODY = YES;
				CLANG_WARN_ENUM_CONVERSION = YES;
				CLANG_WARN_INFINITE_RECURSION = YES;
				CLANG_WARN_INT_CONVERSION = YES;
				CLANG_WARN_NON_LITERAL_NULL_CONVERSION = YES;
				CLANG_WARN_OBJC_LITERAL_CONVERSION = YES;
				CLANG_WARN_OBJC_ROOT_CLASS = YES_ERROR;
				CLANG_WARN_RANGE_LOOP_ANALYSIS = YES;
				CLANG_WARN_STRICT_PROTOTYPES = YES;
				CLANG_WARN_SUSPICIOUS_MOVE = YES;
				CLANG_WARN_UNGUARDED_AVAILABILITY = YES_AGGRESSIVE;
				CLANG_WARN_UNREACHABLE_CODE = YES;
				CLANG_WARN__DUPLICATE_METHOD_MATCH = YES;
				CODE_SIGN_IDENTITY = "iPhone Developer";
				COPY_PHASE_STRIP = NO;
				DEBUG_INFORMATION_FORMAT = dwarf;
				ENABLE_STRICT_OBJC_MSGSEND = YES;
				ENABLE_TESTABILITY = YES;
				GCC_C_LANGUAGE_STANDARD = gnu11;
				GCC_DYNAMIC_NO_PIC = NO;
				GCC_NO_COMMON_BLOCKS = YES;
				GCC_OPTIMIZATION_LEVEL = 0;
				GCC_PREPROCESSOR_DEFINITIONS = (
					"DEBUG=1",
					"$(inherited)",
				);
				GCC_WARN_64_TO_32_BIT_CONVERSION = YES;
				GCC_WARN_ABOUT_RETURN_TYPE = YES_ERROR;
				GCC_WARN_UNDECLARED_SELECTOR = YES;
				GCC_WARN_UNINITIALIZED_AUTOS = YES_AGGRESSIVE;
				GCC_WARN_UNUSED_FUNCTION = YES;
				GCC_WARN_UNUSED_VARIABLE = YES;
				IPHONEOS_DEPLOYMENT_TARGET = 11.2;
				MTL_ENABLE_DEBUG_INFO = YES;
				ONLY_ACTIVE_ARCH = YES;
				SDKROOT = iphoneos;
				SWIFT_ACTIVE_COMPILATION_CONDITIONS = DEBUG;
				SWIFT_OPTIMIZATION_LEVEL = "-Onone";
			};
			name = Debug;
		};
		63E3296220410CC000BE9E48 /* Release */ = {
			isa = XCBuildConfiguration;
			buildSettings = {
				ALWAYS_SEARCH_USER_PATHS = NO;
				CLANG_ANALYZER_NONNULL = YES;
				CLANG_ANALYZER_NUMBER_OBJECT_CONVERSION = YES_AGGRESSIVE;
				CLANG_CXX_LANGUAGE_STANDARD = "gnu++14";
				CLANG_CXX_LIBRARY = "libc++";
				CLANG_ENABLE_MODULES = YES;
				CLANG_ENABLE_OBJC_ARC = YES;
				CLANG_WARN_BLOCK_CAPTURE_AUTORELEASING = YES;
				CLANG_WARN_BOOL_CONVERSION = YES;
				CLANG_WARN_COMMA = YES;
				CLANG_WARN_CONSTANT_CONVERSION = YES;
				CLANG_WARN_DIRECT_OBJC_ISA_USAGE = YES_ERROR;
				CLANG_WARN_DOCUMENTATION_COMMENTS = YES;
				CLANG_WARN_EMPTY_BODY = YES;
				CLANG_WARN_ENUM_CONVERSION = YES;
				CLANG_WARN_INFINITE_RECURSION = YES;
				CLANG_WARN_INT_CONVERSION = YES;
				CLANG_WARN_NON_LITERAL_NULL_CONVERSION = YES;
				CLANG_WARN_OBJC_LITERAL_CONVERSION = YES;
				CLANG_WARN_OBJC_ROOT_CLASS = YES_ERROR;
				CLANG_WARN_RANGE_LOOP_ANALYSIS = YES;
				CLANG_WARN_STRICT_PROTOTYPES = YES;
				CLANG_WARN_SUSPICIOUS_MOVE = YES;
				CLANG_WARN_UNGUARDED_AVAILABILITY = YES_AGGRESSIVE;
				CLANG_WARN_UNREACHABLE_CODE = YES;
				CLANG_WARN__DUPLICATE_METHOD_MATCH = YES;
				CODE_SIGN_IDENTITY = "iPhone Developer";
				COPY_PHASE_STRIP = NO;
				DEBUG_INFORMATION_FORMAT = "dwarf-with-dsym";
				ENABLE_NS_ASSERTIONS = NO;
				ENABLE_STRICT_OBJC_MSGSEND = YES;
				GCC_C_LANGUAGE_STANDARD = gnu11;
				GCC_NO_COMMON_BLOCKS = YES;
				GCC_WARN_64_TO_32_BIT_CONVERSION = YES;
				GCC_WARN_ABOUT_RETURN_TYPE = YES_ERROR;
				GCC_WARN_UNDECLARED_SELECTOR = YES;
				GCC_WARN_UNINITIALIZED_AUTOS = YES_AGGRESSIVE;
				GCC_WARN_UNUSED_FUNCTION = YES;
				GCC_WARN_UNUSED_VARIABLE = YES;
				IPHONEOS_DEPLOYMENT_TARGET = 11.2;
				MTL_ENABLE_DEBUG_INFO = NO;
				SDKROOT = iphoneos;
				SWIFT_OPTIMIZATION_LEVEL = "-Owholemodule";
				VALIDATE_PRODUCT = YES;
			};
			name = Release;
		};
		63E3296420410CC000BE9E48 /* Debug */ = {
			isa = XCBuildConfiguration;
			buildSettings = {
				ASSETCATALOG_COMPILER_APPICON_NAME = AppIcon;
				CODE_SIGN_STYLE = Automatic;
				DEVELOPMENT_TEAM = 5W2KTDXFV2;
				INFOPLIST_FILE = "Studio Kicks Leaderboard/Info.plist";
				LD_RUNPATH_SEARCH_PATHS = "$(inherited) @executable_path/Frameworks";
				PRODUCT_BUNDLE_IDENTIFIER = "com.benrooke.Studio-Kicks-Leaderboard";
				PRODUCT_NAME = "$(TARGET_NAME)";
				SWIFT_VERSION = 4.0;
				TARGETED_DEVICE_FAMILY = 2;
			};
			name = Debug;
		};
		63E3296520410CC000BE9E48 /* Release */ = {
			isa = XCBuildConfiguration;
			buildSettings = {
				ASSETCATALOG_COMPILER_APPICON_NAME = AppIcon;
				CODE_SIGN_STYLE = Automatic;
				DEVELOPMENT_TEAM = 5W2KTDXFV2;
				INFOPLIST_FILE = "Studio Kicks Leaderboard/Info.plist";
				LD_RUNPATH_SEARCH_PATHS = "$(inherited) @executable_path/Frameworks";
				PRODUCT_BUNDLE_IDENTIFIER = "com.benrooke.Studio-Kicks-Leaderboard";
				PRODUCT_NAME = "$(TARGET_NAME)";
				SWIFT_VERSION = 4.0;
				TARGETED_DEVICE_FAMILY = 2;
			};
			name = Release;
		};
/* End XCBuildConfiguration section */

/* Begin XCConfigurationList section */
		63E3294C20410CC000BE9E48 /* Build configuration list for PBXProject "Studio Kicks Leaderboard" */ = {
			isa = XCConfigurationList;
			buildConfigurations = (
				63E3296120410CC000BE9E48 /* Debug */,
				63E3296220410CC000BE9E48 /* Release */,
			);
			defaultConfigurationIsVisible = 0;
			defaultConfigurationName = Release;
		};
		63E3296320410CC000BE9E48 /* Build configuration list for PBXNativeTarget "Studio Kicks Leaderboard" */ = {
			isa = XCConfigurationList;
			buildConfigurations = (
				63E3296420410CC000BE9E48 /* Debug */,
				63E3296520410CC000BE9E48 /* Release */,
			);
			defaultConfigurationIsVisible = 0;
			defaultConfigurationName = Release;
		};
/* End XCConfigurationList section */
	};
	rootObject = 63E3294920410CC000BE9E48 /* Project object */;
}
